{
  "spec/yard/fence_spec.rb:4073026116": [
    [196, 9, 14, "ThreadSafety/DirChdir: Avoid using `Dir.chdir` due to its process-wide effect.", 2866645406],
    [213, 9, 14, "ThreadSafety/DirChdir: Avoid using `Dir.chdir` due to its process-wide effect.", 2866645406],
    [236, 9, 14, "ThreadSafety/DirChdir: Avoid using `Dir.chdir` due to its process-wide effect.", 2866645406],
    [261, 9, 14, "ThreadSafety/DirChdir: Avoid using `Dir.chdir` due to its process-wide effect.", 2866645406],
    [275, 9, 14, "ThreadSafety/DirChdir: Avoid using `Dir.chdir` due to its process-wide effect.", 2866645406],
    [289, 9, 14, "ThreadSafety/DirChdir: Avoid using `Dir.chdir` due to its process-wide effect.", 2866645406],
    [305, 9, 14, "ThreadSafety/DirChdir: Avoid using `Dir.chdir` due to its process-wide effect.", 2866645406],
    [345, 9, 14, "ThreadSafety/DirChdir: Avoid using `Dir.chdir` due to its process-wide effect.", 2866645406],
    [354, 9, 14, "ThreadSafety/DirChdir: Avoid using `Dir.chdir` due to its process-wide effect.", 2866645406]
  ]
}
