{
  "spec/yard/fence_spec.rb:1395158833": [
    [172, 9, 14, "ThreadSafety/DirChdir: Avoid using `Dir.chdir` due to its process-wide effect.", 2866645406],
    [189, 9, 14, "ThreadSafety/DirChdir: Avoid using `Dir.chdir` due to its process-wide effect.", 2866645406],
    [212, 9, 14, "ThreadSafety/DirChdir: Avoid using `Dir.chdir` due to its process-wide effect.", 2866645406],
    [237, 9, 14, "ThreadSafety/DirChdir: Avoid using `Dir.chdir` due to its process-wide effect.", 2866645406],
    [251, 9, 14, "ThreadSafety/DirChdir: Avoid using `Dir.chdir` due to its process-wide effect.", 2866645406],
    [265, 9, 14, "ThreadSafety/DirChdir: Avoid using `Dir.chdir` due to its process-wide effect.", 2866645406],
    [281, 9, 14, "ThreadSafety/DirChdir: Avoid using `Dir.chdir` due to its process-wide effect.", 2866645406],
    [321, 9, 14, "ThreadSafety/DirChdir: Avoid using `Dir.chdir` due to its process-wide effect.", 2866645406],
    [330, 9, 14, "ThreadSafety/DirChdir: Avoid using `Dir.chdir` due to its process-wide effect.", 2866645406]
  ]
}
